
Microsoft Visual Studio Solution File, Format Version 12.00
# Visual Studio Version 16
VisualStudioVersion = 16.0.31515.178
MinimumVisualStudioVersion = 10.0.40219.1
Project("{9A19103F-16F7-4668-BE54-9A1E7A4F7556}") = "BlazorTSInterop", "BlazorTSInterop.csproj", "{EF7CB628-F4D2-4727-923A-7E28BC01BEB6}"
EndProject
Project("{2150E333-8FDC-42A3-9474-1A3956D46DE8}") = "readme", "readme", "{56FD2724-F92E-4B33-B813-8D42E373C4FE}"
	ProjectSection(SolutionItems) = preProject
		readme\blazor.png = readme\blazor.png
		readme\debug1.png = readme\debug1.png
		readme\debug2.png = readme\debug2.png
		readme\debug3.png = readme\debug3.png
		readme\debug4.png = readme\debug4.png
		readme\image0.png = readme\image0.png
		readme\image1.png = readme\image1.png
		readme\image10.png = readme\image10.png
		readme\image11.png = readme\image11.png
		readme\image12.png = readme\image12.png
		readme\image13.png = readme\image13.png
		readme\image2.png = readme\image2.png
		readme\image3.png = readme\image3.png
		readme\image4.png = readme\image4.png
		readme\image5.png = readme\image5.png
		readme\image6.png = readme\image6.png
		readme\image7.png = readme\image7.png
		readme\image8.png = readme\image8.png
		readme\image9.png = readme\image9.png
		readme\interop.png = readme\interop.png
		readme\tscircle.png = readme\tscircle.png
		readme\tsinterop.png = readme\tsinterop.png
		readme\tsinterop.svg = readme\tsinterop.svg
		readme\VS1.png = readme\VS1.png
		readme\VS2.png = readme\VS2.png
		readme\VS3.png = readme\VS3.png
	EndProjectSection
EndProject
Global
	GlobalSection(SolutionConfigurationPlatforms) = preSolution
		Debug|Any CPU = Debug|Any CPU
		Release|Any CPU = Release|Any CPU
	EndGlobalSection
	GlobalSection(ProjectConfigurationPlatforms) = postSolution
		{EF7CB628-F4D2-4727-923A-7E28BC01BEB6}.Debug|Any CPU.ActiveCfg = Debug|Any CPU
		{EF7CB628-F4D2-4727-923A-7E28BC01BEB6}.Debug|Any CPU.Build.0 = Debug|Any CPU
		{EF7CB628-F4D2-4727-923A-7E28BC01BEB6}.Release|Any CPU.ActiveCfg = Release|Any CPU
		{EF7CB628-F4D2-4727-923A-7E28BC01BEB6}.Release|Any CPU.Build.0 = Release|Any CPU
	EndGlobalSection
	GlobalSection(SolutionProperties) = preSolution
		HideSolutionNode = FALSE
	EndGlobalSection
	GlobalSection(ExtensibilityGlobals) = postSolution
		SolutionGuid = {0C113300-6A51-4F93-9121-5BBA711FA7C8}
	EndGlobalSection
EndGlobal
